// !$*UTF8*$!
{
	archiveVersion = 1;
	classes = {
	};
	objectVersion = 48;
	objects = {

/* Begin PBXBuildFile section */
		8A1E5AA62065864C00E0D9D6 /* AppDelegate.swift in Sources */ = {isa = PBXBuildFile; fileRef = 8A1E5AA52065864C00E0D9D6 /* AppDelegate.swift */; };
		8A1E5AAB2065864C00E0D9D6 /* Main.storyboard in Resources */ = {isa = PBXBuildFile; fileRef = 8A1E5AA92065864C00E0D9D6 /* Main.storyboard */; };
		8A1E5AAD2065864C00E0D9D6 /* Assets.xcassets in Resources */ = {isa = PBXBuildFile; fileRef = 8A1E5AAC2065864C00E0D9D6 /* Assets.xcassets */; };
		8A1E5AB02065864C00E0D9D6 /* LaunchScreen.storyboard in Resources */ = {isa = PBXBuildFile; fileRef = 8A1E5AAE2065864C00E0D9D6 /* LaunchScreen.storyboard */; };
		8A1E5ABA206586F500E0D9D6 /* BlackNavigationController.swift in Sources */ = {isa = PBXBuildFile; fileRef = 8A1E5AB8206586F500E0D9D6 /* BlackNavigationController.swift */; };
		8A1E5ABB206586F500E0D9D6 /* FlagsViewController.swift in Sources */ = {isa = PBXBuildFile; fileRef = 8A1E5AB9206586F500E0D9D6 /* FlagsViewController.swift */; };
		8A1E5ABF2065870000E0D9D6 /* FlagsCollectionViewCell.swift in Sources */ = {isa = PBXBuildFile; fileRef = 8A1E5ABD2065870000E0D9D6 /* FlagsCollectionViewCell.swift */; };
		8A1E5AC02065870000E0D9D6 /* Resources.swift in Sources */ = {isa = PBXBuildFile; fileRef = 8A1E5ABE2065870000E0D9D6 /* Resources.swift */; };
		8A1E5AC320659A1400E0D9D6 /* CoinsViewController.swift in Sources */ = {isa = PBXBuildFile; fileRef = 8A1E5AC220659A1400E0D9D6 /* CoinsViewController.swift */; };
		8A1E5AC520659C6A00E0D9D6 /* CoinsCollectionViewCell.swift in Sources */ = {isa = PBXBuildFile; fileRef = 8A1E5AC420659C6A00E0D9D6 /* CoinsCollectionViewCell.swift */; };
/* End PBXBuildFile section */

/* Begin PBXFileReference section */
		8A1E5AA22065864C00E0D9D6 /* BlackEuro.app */ = {isa = PBXFileReference; explicitFileType = wrapper.application; includeInIndex = 0; path = BlackEuro.app; sourceTree = BUILT_PRODUCTS_DIR; };
		8A1E5AA52065864C00E0D9D6 /* AppDelegate.swift */ = {isa = PBXFileReference; lastKnownFileType = sourcecode.swift; path = AppDelegate.swift; sourceTree = "<group>"; };
		8A1E5AAA2065864C00E0D9D6 /* Base */ = {isa = PBXFileReference; lastKnownFileType = file.storyboard; name = Base; path = Base.lproj/Main.storyboard; sourceTree = "<group>"; };
		8A1E5AAC2065864C00E0D9D6 /* Assets.xcassets */ = {isa = PBXFileReference; lastKnownFileType = folder.assetcatalog; path = Assets.xcassets; sourceTree = "<group>"; };
		8A1E5AAF2065864C00E0D9D6 /* Base */ = {isa = PBXFileReference; lastKnownFileType = file.storyboard; name = Base; path = Base.lproj/LaunchScreen.storyboard; sourceTree = "<group>"; };
		8A1E5AB12065864C00E0D9D6 /* Info.plist */ = {isa = PBXFileReference; lastKnownFileType = text.plist.xml; path = Info.plist; sourceTree = "<group>"; };
		8A1E5AB8206586F500E0D9D6 /* BlackNavigationController.swift */ = {isa = PBXFileReference; fileEncoding = 4; lastKnownFileType = sourcecode.swift; path = BlackNavigationController.swift; sourceTree = "<group>"; };
		8A1E5AB9206586F500E0D9D6 /* FlagsViewController.swift */ = {isa = PBXFileReference; fileEncoding = 4; lastKnownFileType = sourcecode.swift; path = FlagsViewController.swift; sourceTree = "<group>"; };
		8A1E5ABD2065870000E0D9D6 /* FlagsCollectionViewCell.swift */ = {isa = PBXFileReference; fileEncoding = 4; lastKnownFileType = sourcecode.swift; path = FlagsCollectionViewCell.swift; sourceTree = "<group>"; };
		8A1E5ABE2065870000E0D9D6 /* Resources.swift */ = {isa = PBXFileReference; fileEncoding = 4; lastKnownFileType = sourcecode.swift; path = Resources.swift; sourceTree = "<group>"; };
		8A1E5AC220659A1400E0D9D6 /* CoinsViewController.swift */ = {isa = PBXFileReference; lastKnownFileType = sourcecode.swift; path = CoinsViewController.swift; sourceTree = "<group>"; };
		8A1E5AC420659C6A00E0D9D6 /* CoinsCollectionViewCell.swift */ = {isa = PBXFileReference; lastKnownFileType = sourcecode.swift; path = CoinsCollectionViewCell.swift; sourceTree = "<group>"; };
/* End PBXFileReference section */

/* Begin PBXFrameworksBuildPhase section */
		8A1E5A9F2065864C00E0D9D6 /* Frameworks */ = {
			isa = PBXFrameworksBuildPhase;
			buildActionMask = 2147483647;
			files = (
			);
			runOnlyForDeploymentPostprocessing = 0;
		};
/* End PBXFrameworksBuildPhase section */

/* Begin PBXGroup section */
		8A1E5A992065864C00E0D9D6 = {
			isa = PBXGroup;
			children = (
				8A1E5AA42065864C00E0D9D6 /* BlackEuro */,
				8A1E5AA32065864C00E0D9D6 /* Products */,
			);
			sourceTree = "<group>";
		};
		8A1E5AA32065864C00E0D9D6 /* Products */ = {
			isa = PBXGroup;
			children = (
				8A1E5AA22065864C00E0D9D6 /* BlackEuro.app */,
			);
			name = Products;
			sourceTree = "<group>";
		};
		8A1E5AA42065864C00E0D9D6 /* BlackEuro */ = {
			isa = PBXGroup;
			children = (
				8A1E5ABC2065870000E0D9D6 /* Model */,
				8A1E5AB7206586F500E0D9D6 /* Controller */,
				8A1E5AC12065871000E0D9D6 /* SupportedFiles */,
				8A1E5AB12065864C00E0D9D6 /* Info.plist */,
			);
			path = BlackEuro;
			sourceTree = "<group>";
		};
		8A1E5AB7206586F500E0D9D6 /* Controller */ = {
			isa = PBXGroup;
			children = (
				8A1E5AB8206586F500E0D9D6 /* BlackNavigationController.swift */,
				8A1E5AB9206586F500E0D9D6 /* FlagsViewController.swift */,
				8A1E5AC220659A1400E0D9D6 /* CoinsViewController.swift */,
			);
			path = Controller;
			sourceTree = "<group>";
		};
		8A1E5ABC2065870000E0D9D6 /* Model */ = {
			isa = PBXGroup;
			children = (
				8A1E5ABE2065870000E0D9D6 /* Resources.swift */,
				8A1E5ABD2065870000E0D9D6 /* FlagsCollectionViewCell.swift */,
				8A1E5AC420659C6A00E0D9D6 /* CoinsCollectionViewCell.swift */,
			);
			path = Model;
			sourceTree = "<group>";
		};
		8A1E5AC12065871000E0D9D6 /* SupportedFiles */ = {
			isa = PBXGroup;
			children = (
				8A1E5AA52065864C00E0D9D6 /* AppDelegate.swift */,
				8A1E5AA92065864C00E0D9D6 /* Main.storyboard */,
				8A1E5AAC2065864C00E0D9D6 /* Assets.xcassets */,
				8A1E5AAE2065864C00E0D9D6 /* LaunchScreen.storyboard */,
			);
			path = SupportedFiles;
			sourceTree = "<group>";
		};
/* End PBXGroup section */

/* Begin PBXNativeTarget section */
		8A1E5AA12065864C00E0D9D6 /* BlackEuro */ = {
			isa = PBXNativeTarget;
			buildConfigurationList = 8A1E5AB42065864C00E0D9D6 /* Build configuration list for PBXNativeTarget "BlackEuro" */;
			buildPhases = (
				8A1E5A9E2065864C00E0D9D6 /* Sources */,
				8A1E5A9F2065864C00E0D9D6 /* Frameworks */,
				8A1E5AA02065864C00E0D9D6 /* Resources */,
			);
			buildRules = (
			);
			dependencies = (
			);
			name = BlackEuro;
			productName = BlackEuro;
			productReference = 8A1E5AA22065864C00E0D9D6 /* BlackEuro.app */;
			productType = "com.apple.product-type.application";
		};
/* End PBXNativeTarget section */

/* Begin PBXProject section */
		8A1E5A9A2065864C00E0D9D6 /* Project object */ = {
			isa = PBXProject;
			attributes = {
				LastSwiftUpdateCheck = 0920;
				LastUpgradeCheck = 0920;
				ORGANIZATIONNAME = "Stanislav Cherkasov";
				TargetAttributes = {
					8A1E5AA12065864C00E0D9D6 = {
						CreatedOnToolsVersion = 9.2;
						ProvisioningStyle = Automatic;
					};
				};
			};
			buildConfigurationList = 8A1E5A9D2065864C00E0D9D6 /* Build configuration list for PBXProject "BlackEuro" */;
			compatibilityVersion = "Xcode 8.0";
			developmentRegion = en;
			hasScannedForEncodings = 0;
			knownRegions = (
				en,
				Base,
			);
			mainGroup = 8A1E5A992065864C00E0D9D6;
			productRefGroup = 8A1E5AA32065864C00E0D9D6 /* Products */;
			projectDirPath = "";
			projectRoot = "";
			targets = (
				8A1E5AA12065864C00E0D9D6 /* BlackEuro */,
			);
		};
/* End PBXProject section */

/* Begin PBXResourcesBuildPhase section */
		8A1E5AA02065864C00E0D9D6 /* Resources */ = {
			isa = PBXResourcesBuildPhase;
			buildActionMask = 2147483647;
			files = (
				8A1E5AB02065864C00E0D9D6 /* LaunchScreen.storyboard in Resources */,
				8A1E5AAD2065864C00E0D9D6 /* Assets.xcassets in Resources */,
				8A1E5AAB2065864C00E0D9D6 /* Main.storyboard in Resources */,
			);
			runOnlyForDeploymentPostprocessing = 0;
		};
/* End PBXResourcesBuildPhase section */

/* Begin PBXSourcesBuildPhase section */
		8A1E5A9E2065864C00E0D9D6 /* Sources */ = {
			isa = PBXSourcesBuildPhase;
			buildActionMask = 2147483647;
			files = (
				8A1E5AC520659C6A00E0D9D6 /* CoinsCollectionViewCell.swift in Sources */,
				8A1E5ABB206586F500E0D9D6 /* FlagsViewController.swift in Sources */,
				8A1E5ABA206586F500E0D9D6 /* BlackNavigationController.swift in Sources */,
				8A1E5AC02065870000E0D9D6 /* Resources.swift in Sources */,
				8A1E5AC320659A1400E0D9D6 /* CoinsViewController.swift in Sources */,
				8A1E5ABF2065870000E0D9D6 /* FlagsCollectionViewCell.swift in Sources */,
				8A1E5AA62065864C00E0D9D6 /* AppDelegate.swift in Sources */,
			);
			runOnlyForDeploymentPostprocessing = 0;
		};
/* End PBXSourcesBuildPhase section */

/* Begin PBXVariantGroup section */
		8A1E5AA92065864C00E0D9D6 /* Main.storyboard */ = {
			isa = PBXVariantGroup;
			children = (
				8A1E5AAA2065864C00E0D9D6 /* Base */,
			);
			name = Main.storyboard;
			sourceTree = "<group>";
		};
		8A1E5AAE2065864C00E0D9D6 /* LaunchScreen.storyboard */ = {
			isa = PBXVariantGroup;
			children = (
				8A1E5AAF2065864C00E0D9D6 /* Base */,
			);
			name = LaunchScreen.storyboard;
			sourceTree = "<group>";
		};
/* End PBXVariantGroup section */

/* Begin XCBuildConfiguration section */
		8A1E5AB22065864C00E0D9D6 /* Debug */ = {
			isa = XCBuildConfiguration;
			buildSettings = {
				ALWAYS_SEARCH_USER_PATHS = NO;
				CLANG_ANALYZER_NONNULL = YES;
				CLANG_ANALYZER_NUMBER_OBJECT_CONVERSION = YES_AGGRESSIVE;
				CLANG_CXX_LANGUAGE_STANDARD = "gnu++14";
				CLANG_CXX_LIBRARY = "libc++";
				CLANG_ENABLE_MODULES = YES;
				CLANG_ENABLE_OBJC_ARC = YES;
				CLANG_WARN_BLOCK_CAPTURE_AUTORELEASING = YES;
				CLANG_WARN_BOOL_CONVERSION = YES;
				CLANG_WARN_COMMA = YES;
				CLANG_WARN_CONSTANT_CONVERSION = YES;
				CLANG_WARN_DIRECT_OBJC_ISA_USAGE = YES_ERROR;
				CLANG_WARN_DOCUMENTATION_COMMENTS = YES;
				CLANG_WARN_EMPTY_BODY = YES;
				CLANG_WARN_ENUM_CONVERSION = YES;
				CLANG_WARN_INFINITE_RECURSION = YES;
				CLANG_WARN_INT_CONVERSION = YES;
				CLANG_WARN_NON_LITERAL_NULL_CONVERSION = YES;
				CLANG_WARN_OBJC_LITERAL_CONVERSION = YES;
				CLANG_WARN_OBJC_ROOT_CLASS = YES_ERROR;
				CLANG_WARN_RANGE_LOOP_ANALYSIS = YES;
				CLANG_WARN_STRICT_PROTOTYPES = YES;
				CLANG_WARN_SUSPICIOUS_MOVE = YES;
				CLANG_WARN_UNGUARDED_AVAILABILITY = YES_AGGRESSIVE;
				CLANG_WARN_UNREACHABLE_CODE = YES;
				CLANG_WARN__DUPLICATE_METHOD_MATCH = YES;
				CODE_SIGN_IDENTITY = "iPhone Developer";
				COPY_PHASE_STRIP = NO;
				DEBUG_INFORMATION_FORMAT = dwarf;
				ENABLE_STRICT_OBJC_MSGSEND = YES;
				ENABLE_TESTABILITY = YES;
				GCC_C_LANGUAGE_STANDARD = gnu11;
				GCC_DYNAMIC_NO_PIC = NO;
				GCC_NO_COMMON_BLOCKS = YES;
				GCC_OPTIMIZATION_LEVEL = 0;
				GCC_PREPROCESSOR_DEFINITIONS = (
					"DEBUG=1",
					"$(inherited)",
				);
				GCC_WARN_64_TO_32_BIT_CONVERSION = YES;
				GCC_WARN_ABOUT_RETURN_TYPE = YES_ERROR;
				GCC_WARN_UNDECLARED_SELECTOR = YES;
				GCC_WARN_UNINITIALIZED_AUTOS = YES_AGGRESSIVE;
				GCC_WARN_UNUSED_FUNCTION = YES;
				GCC_WARN_UNUSED_VARIABLE = YES;
				IPHONEOS_DEPLOYMENT_TARGET = 11.2;
				MTL_ENABLE_DEBUG_INFO = YES;
				ONLY_ACTIVE_ARCH = YES;
				SDKROOT = iphoneos;
				SWIFT_ACTIVE_COMPILATION_CONDITIONS = DEBUG;
				SWIFT_OPTIMIZATION_LEVEL = "-Onone";
			};
			name = Debug;
		};
		8A1E5AB32065864C00E0D9D6 /* Release */ = {
			isa = XCBuildConfiguration;
			buildSettings = {
				ALWAYS_SEARCH_USER_PATHS = NO;
				CLANG_ANALYZER_NONNULL = YES;
				CLANG_ANALYZER_NUMBER_OBJECT_CONVERSION = YES_AGGRESSIVE;
				CLANG_CXX_LANGUAGE_STANDARD = "gnu++14";
				CLANG_CXX_LIBRARY = "libc++";
				CLANG_ENABLE_MODULES = YES;
				CLANG_ENABLE_OBJC_ARC = YES;
				CLANG_WARN_BLOCK_CAPTURE_AUTORELEASING = YES;
				CLANG_WARN_BOOL_CONVERSION = YES;
				CLANG_WARN_COMMA = YES;
				CLANG_WARN_CONSTANT_CONVERSION = YES;
				CLANG_WARN_DIRECT_OBJC_ISA_USAGE = YES_ERROR;
				CLANG_WARN_DOCUMENTATION_COMMENTS = YES;
				CLANG_WARN_EMPTY_BODY = YES;
				CLANG_WARN_ENUM_CONVERSION = YES;
				CLANG_WARN_INFINITE_RECURSION = YES;
				CLANG_WARN_INT_CONVERSION = YES;
				CLANG_WARN_NON_LITERAL_NULL_CONVERSION = YES;
				CLANG_WARN_OBJC_LITERAL_CONVERSION = YES;
				CLANG_WARN_OBJC_ROOT_CLASS = YES_ERROR;
				CLANG_WARN_RANGE_LOOP_ANALYSIS = YES;
				CLANG_WARN_STRICT_PROTOTYPES = YES;
				CLANG_WARN_SUSPICIOUS_MOVE = YES;
				CLANG_WARN_UNGUARDED_AVAILABILITY = YES_AGGRESSIVE;
				CLANG_WARN_UNREACHABLE_CODE = YES;
				CLANG_WARN__DUPLICATE_METHOD_MATCH = YES;
				CODE_SIGN_IDENTITY = "iPhone Developer";
				COPY_PHASE_STRIP = NO;
				DEBUG_INFORMATION_FORMAT = "dwarf-with-dsym";
				ENABLE_NS_ASSERTIONS = NO;
				ENABLE_STRICT_OBJC_MSGSEND = YES;
				GCC_C_LANGUAGE_STANDARD = gnu11;
				GCC_NO_COMMON_BLOCKS = YES;
				GCC_WARN_64_TO_32_BIT_CONVERSION = YES;
				GCC_WARN_ABOUT_RETURN_TYPE = YES_ERROR;
				GCC_WARN_UNDECLARED_SELECTOR = YES;
				GCC_WARN_UNINITIALIZED_AUTOS = YES_AGGRESSIVE;
				GCC_WARN_UNUSED_FUNCTION = YES;
				GCC_WARN_UNUSED_VARIABLE = YES;
				IPHONEOS_DEPLOYMENT_TARGET = 11.2;
				MTL_ENABLE_DEBUG_INFO = NO;
				SDKROOT = iphoneos;
				SWIFT_OPTIMIZATION_LEVEL = "-Owholemodule";
				VALIDATE_PRODUCT = YES;
			};
			name = Release;
		};
		8A1E5AB52065864C00E0D9D6 /* Debug */ = {
			isa = XCBuildConfiguration;
			buildSettings = {
				ASSETCATALOG_COMPILER_APPICON_NAME = AppIcon;
				CODE_SIGN_STYLE = Automatic;
				DEVELOPMENT_TEAM = HH9AF9DGX8;
				INFOPLIST_FILE = BlackEuro/Info.plist;
				LD_RUNPATH_SEARCH_PATHS = "$(inherited) @executable_path/Frameworks";
				PRODUCT_BUNDLE_IDENTIFIER = home.BlackEuro;
				PRODUCT_NAME = "$(TARGET_NAME)";
				SWIFT_VERSION = 4.0;
				TARGETED_DEVICE_FAMILY = "1,2";
			};
			name = Debug;
		};
		8A1E5AB62065864C00E0D9D6 /* Release */ = {
			isa = XCBuildConfiguration;
			buildSettings = {
				ASSETCATALOG_COMPILER_APPICON_NAME = AppIcon;
				CODE_SIGN_STYLE = Automatic;
				DEVELOPMENT_TEAM = HH9AF9DGX8;
				INFOPLIST_FILE = BlackEuro/Info.plist;
				LD_RUNPATH_SEARCH_PATHS = "$(inherited) @executable_path/Frameworks";
				PRODUCT_BUNDLE_IDENTIFIER = home.BlackEuro;
				PRODUCT_NAME = "$(TARGET_NAME)";
				SWIFT_VERSION = 4.0;
				TARGETED_DEVICE_FAMILY = "1,2";
			};
			name = Release;
		};
/* End XCBuildConfiguration section */

/* Begin XCConfigurationList section */
		8A1E5A9D2065864C00E0D9D6 /* Build configuration list for PBXProject "BlackEuro" */ = {
			isa = XCConfigurationList;
			buildConfigurations = (
				8A1E5AB22065864C00E0D9D6 /* Debug */,
				8A1E5AB32065864C00E0D9D6 /* Release */,
			);
			defaultConfigurationIsVisible = 0;
			defaultConfigurationName = Release;
		};
		8A1E5AB42065864C00E0D9D6 /* Build configuration list for PBXNativeTarget "BlackEuro" */ = {
			isa = XCConfigurationList;
			buildConfigurations = (
				8A1E5AB52065864C00E0D9D6 /* Debug */,
				8A1E5AB62065864C00E0D9D6 /* Release */,
			);
			defaultConfigurationIsVisible = 0;
			defaultConfigurationName = Release;
		};
/* End XCConfigurationList section */
	};
	rootObject = 8A1E5A9A2065864C00E0D9D6 /* Project object */;
}
